// !$*UTF8*$!
{
	archiveVersion = 1;
	classes = {
	};
	objectVersion = 50;
	objects = {

/* Begin PBXBuildFile section */
		24EA52422096FCF300A97FB4 /* AppDelegate.swift in Sources */ = {isa = PBXBuildFile; fileRef = 24EA52412096FCF300A97FB4 /* AppDelegate.swift */; };
		24EA52442096FCF400A97FB4 /* ViewController.swift in Sources */ = {isa = PBXBuildFile; fileRef = 24EA52432096FCF400A97FB4 /* ViewController.swift */; };
		24EA52472096FCF400A97FB4 /* Main.storyboard in Resources */ = {isa = PBXBuildFile; fileRef = 24EA52452096FCF400A97FB4 /* Main.storyboard */; };
		24EA52492096FCF500A97FB4 /* Assets.xcassets in Resources */ = {isa = PBXBuildFile; fileRef = 24EA52482096FCF500A97FB4 /* Assets.xcassets */; };
		24EA524C2096FCF500A97FB4 /* LaunchScreen.storyboard in Resources */ = {isa = PBXBuildFile; fileRef = 24EA524A2096FCF500A97FB4 /* LaunchScreen.storyboard */; };
		24EA52572096FCF600A97FB4 /* FollowmeGUITests.swift in Sources */ = {isa = PBXBuildFile; fileRef = 24EA52562096FCF600A97FB4 /* FollowmeGUITests.swift */; };
		24EA52622096FCF600A97FB4 /* FollowmeGUIUITests.swift in Sources */ = {isa = PBXBuildFile; fileRef = 24EA52612096FCF600A97FB4 /* FollowmeGUIUITests.swift */; };
/* End PBXBuildFile section */

/* Begin PBXContainerItemProxy section */
		24EA52532096FCF500A97FB4 /* PBXContainerItemProxy */ = {
			isa = PBXContainerItemProxy;
			containerPortal = 24EA52362096FCF300A97FB4 /* Project object */;
			proxyType = 1;
			remoteGlobalIDString = 24EA523D2096FCF300A97FB4;
			remoteInfo = FollowmeGUI;
		};
		24EA525E2096FCF600A97FB4 /* PBXContainerItemProxy */ = {
			isa = PBXContainerItemProxy;
			containerPortal = 24EA52362096FCF300A97FB4 /* Project object */;
			proxyType = 1;
			remoteGlobalIDString = 24EA523D2096FCF300A97FB4;
			remoteInfo = FollowmeGUI;
		};
/* End PBXContainerItemProxy section */

/* Begin PBXFileReference section */
		24EA523E2096FCF300A97FB4 /* FollowmeGUI.app */ = {isa = PBXFileReference; explicitFileType = wrapper.application; includeInIndex = 0; path = FollowmeGUI.app; sourceTree = BUILT_PRODUCTS_DIR; };
		24EA52412096FCF300A97FB4 /* AppDelegate.swift */ = {isa = PBXFileReference; lastKnownFileType = sourcecode.swift; path = AppDelegate.swift; sourceTree = "<group>"; };
		24EA52432096FCF400A97FB4 /* ViewController.swift */ = {isa = PBXFileReference; lastKnownFileType = sourcecode.swift; path = ViewController.swift; sourceTree = "<group>"; };
		24EA52462096FCF400A97FB4 /* Base */ = {isa = PBXFileReference; lastKnownFileType = file.storyboard; name = Base; path = Base.lproj/Main.storyboard; sourceTree = "<group>"; };
		24EA52482096FCF500A97FB4 /* Assets.xcassets */ = {isa = PBXFileReference; lastKnownFileType = folder.assetcatalog; path = Assets.xcassets; sourceTree = "<group>"; };
		24EA524B2096FCF500A97FB4 /* Base */ = {isa = PBXFileReference; lastKnownFileType = file.storyboard; name = Base; path = Base.lproj/LaunchScreen.storyboard; sourceTree = "<group>"; };
		24EA524D2096FCF500A97FB4 /* Info.plist */ = {isa = PBXFileReference; lastKnownFileType = text.plist.xml; path = Info.plist; sourceTree = "<group>"; };
		24EA52522096FCF500A97FB4 /* FollowmeGUITests.xctest */ = {isa = PBXFileReference; explicitFileType = wrapper.cfbundle; includeInIndex = 0; path = FollowmeGUITests.xctest; sourceTree = BUILT_PRODUCTS_DIR; };
		24EA52562096FCF600A97FB4 /* FollowmeGUITests.swift */ = {isa = PBXFileReference; lastKnownFileType = sourcecode.swift; path = FollowmeGUITests.swift; sourceTree = "<group>"; };
		24EA52582096FCF600A97FB4 /* Info.plist */ = {isa = PBXFileReference; lastKnownFileType = text.plist.xml; path = Info.plist; sourceTree = "<group>"; };
		24EA525D2096FCF600A97FB4 /* FollowmeGUIUITests.xctest */ = {isa = PBXFileReference; explicitFileType = wrapper.cfbundle; includeInIndex = 0; path = FollowmeGUIUITests.xctest; sourceTree = BUILT_PRODUCTS_DIR; };
		24EA52612096FCF600A97FB4 /* FollowmeGUIUITests.swift */ = {isa = PBXFileReference; lastKnownFileType = sourcecode.swift; path = FollowmeGUIUITests.swift; sourceTree = "<group>"; };
		24EA52632096FCF600A97FB4 /* Info.plist */ = {isa = PBXFileReference; lastKnownFileType = text.plist.xml; path = Info.plist; sourceTree = "<group>"; };
/* End PBXFileReference section */

/* Begin PBXFrameworksBuildPhase section */
		24EA523B2096FCF300A97FB4 /* Frameworks */ = {
			isa = PBXFrameworksBuildPhase;
			buildActionMask = 2147483647;
			files = (
			);
			runOnlyForDeploymentPostprocessing = 0;
		};
		24EA524F2096FCF500A97FB4 /* Frameworks */ = {
			isa = PBXFrameworksBuildPhase;
			buildActionMask = 2147483647;
			files = (
			);
			runOnlyForDeploymentPostprocessing = 0;
		};
		24EA525A2096FCF600A97FB4 /* Frameworks */ = {
			isa = PBXFrameworksBuildPhase;
			buildActionMask = 2147483647;
			files = (
			);
			runOnlyForDeploymentPostprocessing = 0;
		};
/* End PBXFrameworksBuildPhase section */

/* Begin PBXGroup section */
		24EA52352096FCF300A97FB4 = {
			isa = PBXGroup;
			children = (
				24EA52402096FCF300A97FB4 /* FollowmeGUI */,
				24EA52552096FCF600A97FB4 /* FollowmeGUITests */,
				24EA52602096FCF600A97FB4 /* FollowmeGUIUITests */,
				24EA523F2096FCF300A97FB4 /* Products */,
			);
			sourceTree = "<group>";
		};
		24EA523F2096FCF300A97FB4 /* Products */ = {
			isa = PBXGroup;
			children = (
				24EA523E2096FCF300A97FB4 /* FollowmeGUI.app */,
				24EA52522096FCF500A97FB4 /* FollowmeGUITests.xctest */,
				24EA525D2096FCF600A97FB4 /* FollowmeGUIUITests.xctest */,
			);
			name = Products;
			sourceTree = "<group>";
		};
		24EA52402096FCF300A97FB4 /* FollowmeGUI */ = {
			isa = PBXGroup;
			children = (
				24EA52412096FCF300A97FB4 /* AppDelegate.swift */,
				24EA52432096FCF400A97FB4 /* ViewController.swift */,
				24EA52452096FCF400A97FB4 /* Main.storyboard */,
				24EA52482096FCF500A97FB4 /* Assets.xcassets */,
				24EA524A2096FCF500A97FB4 /* LaunchScreen.storyboard */,
				24EA524D2096FCF500A97FB4 /* Info.plist */,
			);
			path = FollowmeGUI;
			sourceTree = "<group>";
		};
		24EA52552096FCF600A97FB4 /* FollowmeGUITests */ = {
			isa = PBXGroup;
			children = (
				24EA52562096FCF600A97FB4 /* FollowmeGUITests.swift */,
				24EA52582096FCF600A97FB4 /* Info.plist */,
			);
			path = FollowmeGUITests;
			sourceTree = "<group>";
		};
		24EA52602096FCF600A97FB4 /* FollowmeGUIUITests */ = {
			isa = PBXGroup;
			children = (
				24EA52612096FCF600A97FB4 /* FollowmeGUIUITests.swift */,
				24EA52632096FCF600A97FB4 /* Info.plist */,
			);
			path = FollowmeGUIUITests;
			sourceTree = "<group>";
		};
/* End PBXGroup section */

/* Begin PBXNativeTarget section */
		24EA523D2096FCF300A97FB4 /* FollowmeGUI */ = {
			isa = PBXNativeTarget;
			buildConfigurationList = 24EA52662096FCF600A97FB4 /* Build configuration list for PBXNativeTarget "FollowmeGUI" */;
			buildPhases = (
				24EA523A2096FCF300A97FB4 /* Sources */,
				24EA523B2096FCF300A97FB4 /* Frameworks */,
				24EA523C2096FCF300A97FB4 /* Resources */,
			);
			buildRules = (
			);
			dependencies = (
			);
			name = FollowmeGUI;
			productName = FollowmeGUI;
			productReference = 24EA523E2096FCF300A97FB4 /* FollowmeGUI.app */;
			productType = "com.apple.product-type.application";
		};
		24EA52512096FCF500A97FB4 /* FollowmeGUITests */ = {
			isa = PBXNativeTarget;
			buildConfigurationList = 24EA52692096FCF600A97FB4 /* Build configuration list for PBXNativeTarget "FollowmeGUITests" */;
			buildPhases = (
				24EA524E2096FCF500A97FB4 /* Sources */,
				24EA524F2096FCF500A97FB4 /* Frameworks */,
				24EA52502096FCF500A97FB4 /* Resources */,
			);
			buildRules = (
			);
			dependencies = (
				24EA52542096FCF500A97FB4 /* PBXTargetDependency */,
			);
			name = FollowmeGUITests;
			productName = FollowmeGUITests;
			productReference = 24EA52522096FCF500A97FB4 /* FollowmeGUITests.xctest */;
			productType = "com.apple.product-type.bundle.unit-test";
		};
		24EA525C2096FCF600A97FB4 /* FollowmeGUIUITests */ = {
			isa = PBXNativeTarget;
			buildConfigurationList = 24EA526C2096FCF600A97FB4 /* Build configuration list for PBXNativeTarget "FollowmeGUIUITests" */;
			buildPhases = (
				24EA52592096FCF600A97FB4 /* Sources */,
				24EA525A2096FCF600A97FB4 /* Frameworks */,
				24EA525B2096FCF600A97FB4 /* Resources */,
			);
			buildRules = (
			);
			dependencies = (
				24EA525F2096FCF600A97FB4 /* PBXTargetDependency */,
			);
			name = FollowmeGUIUITests;
			productName = FollowmeGUIUITests;
			productReference = 24EA525D2096FCF600A97FB4 /* FollowmeGUIUITests.xctest */;
			productType = "com.apple.product-type.bundle.ui-testing";
		};
/* End PBXNativeTarget section */

/* Begin PBXProject section */
		24EA52362096FCF300A97FB4 /* Project object */ = {
			isa = PBXProject;
			attributes = {
				LastSwiftUpdateCheck = 0930;
				LastUpgradeCheck = 0930;
				ORGANIZATIONNAME = "Brandon Abbott";
				TargetAttributes = {
					24EA523D2096FCF300A97FB4 = {
						CreatedOnToolsVersion = 9.3;
					};
					24EA52512096FCF500A97FB4 = {
						CreatedOnToolsVersion = 9.3;
						TestTargetID = 24EA523D2096FCF300A97FB4;
					};
					24EA525C2096FCF600A97FB4 = {
						CreatedOnToolsVersion = 9.3;
						TestTargetID = 24EA523D2096FCF300A97FB4;
					};
				};
			};
			buildConfigurationList = 24EA52392096FCF300A97FB4 /* Build configuration list for PBXProject "FollowmeGUI" */;
			compatibilityVersion = "Xcode 9.3";
			developmentRegion = en;
			hasScannedForEncodings = 0;
			knownRegions = (
				en,
				Base,
			);
			mainGroup = 24EA52352096FCF300A97FB4;
			productRefGroup = 24EA523F2096FCF300A97FB4 /* Products */;
			projectDirPath = "";
			projectRoot = "";
			targets = (
				24EA523D2096FCF300A97FB4 /* FollowmeGUI */,
				24EA52512096FCF500A97FB4 /* FollowmeGUITests */,
				24EA525C2096FCF600A97FB4 /* FollowmeGUIUITests */,
			);
		};
/* End PBXProject section */

/* Begin PBXResourcesBuildPhase section */
		24EA523C2096FCF300A97FB4 /* Resources */ = {
			isa = PBXResourcesBuildPhase;
			buildActionMask = 2147483647;
			files = (
				24EA524C2096FCF500A97FB4 /* LaunchScreen.storyboard in Resources */,
				24EA52492096FCF500A97FB4 /* Assets.xcassets in Resources */,
				24EA52472096FCF400A97FB4 /* Main.storyboard in Resources */,
			);
			runOnlyForDeploymentPostprocessing = 0;
		};
		24EA52502096FCF500A97FB4 /* Resources */ = {
			isa = PBXResourcesBuildPhase;
			buildActionMask = 2147483647;
			files = (
			);
			runOnlyForDeploymentPostprocessing = 0;
		};
		24EA525B2096FCF600A97FB4 /* Resources */ = {
			isa = PBXResourcesBuildPhase;
			buildActionMask = 2147483647;
			files = (
			);
			runOnlyForDeploymentPostprocessing = 0;
		};
/* End PBXResourcesBuildPhase section */

/* Begin PBXSourcesBuildPhase section */
		24EA523A2096FCF300A97FB4 /* Sources */ = {
			isa = PBXSourcesBuildPhase;
			buildActionMask = 2147483647;
			files = (
				24EA52442096FCF400A97FB4 /* ViewController.swift in Sources */,
				24EA52422096FCF300A97FB4 /* AppDelegate.swift in Sources */,
			);
			runOnlyForDeploymentPostprocessing = 0;
		};
		24EA524E2096FCF500A97FB4 /* Sources */ = {
			isa = PBXSourcesBuildPhase;
			buildActionMask = 2147483647;
			files = (
				24EA52572096FCF600A97FB4 /* FollowmeGUITests.swift in Sources */,
			);
			runOnlyForDeploymentPostprocessing = 0;
		};
		24EA52592096FCF600A97FB4 /* Sources */ = {
			isa = PBXSourcesBuildPhase;
			buildActionMask = 2147483647;
			files = (
				24EA52622096FCF600A97FB4 /* FollowmeGUIUITests.swift in Sources */,
			);
			runOnlyForDeploymentPostprocessing = 0;
		};
/* End PBXSourcesBuildPhase section */

/* Begin PBXTargetDependency section */
		24EA52542096FCF500A97FB4 /* PBXTargetDependency */ = {
			isa = PBXTargetDependency;
			target = 24EA523D2096FCF300A97FB4 /* FollowmeGUI */;
			targetProxy = 24EA52532096FCF500A97FB4 /* PBXContainerItemProxy */;
		};
		24EA525F2096FCF600A97FB4 /* PBXTargetDependency */ = {
			isa = PBXTargetDependency;
			target = 24EA523D2096FCF300A97FB4 /* FollowmeGUI */;
			targetProxy = 24EA525E2096FCF600A97FB4 /* PBXContainerItemProxy */;
		};
/* End PBXTargetDependency section */

/* Begin PBXVariantGroup section */
		24EA52452096FCF400A97FB4 /* Main.storyboard */ = {
			isa = PBXVariantGroup;
			children = (
				24EA52462096FCF400A97FB4 /* Base */,
			);
			name = Main.storyboard;
			sourceTree = "<group>";
		};
		24EA524A2096FCF500A97FB4 /* LaunchScreen.storyboard */ = {
			isa = PBXVariantGroup;
			children = (
				24EA524B2096FCF500A97FB4 /* Base */,
			);
			name = LaunchScreen.storyboard;
			sourceTree = "<group>";
		};
/* End PBXVariantGroup section */

/* Begin XCBuildConfiguration section */
		24EA52642096FCF600A97FB4 /* Debug */ = {
			isa = XCBuildConfiguration;
			buildSettings = {
				ALWAYS_SEARCH_USER_PATHS = NO;
				CLANG_ANALYZER_NONNULL = YES;
				CLANG_ANALYZER_NUMBER_OBJECT_CONVERSION = YES_AGGRESSIVE;
				CLANG_CXX_LANGUAGE_STANDARD = "gnu++14";
				CLANG_CXX_LIBRARY = "libc++";
				CLANG_ENABLE_MODULES = YES;
				CLANG_ENABLE_OBJC_ARC = YES;
				CLANG_ENABLE_OBJC_WEAK = YES;
				CLANG_WARN_BLOCK_CAPTURE_AUTORELEASING = YES;
				CLANG_WARN_BOOL_CONVERSION = YES;
				CLANG_WARN_COMMA = YES;
				CLANG_WARN_CONSTANT_CONVERSION = YES;
				CLANG_WARN_DEPRECATED_OBJC_IMPLEMENTATIONS = YES;
				CLANG_WARN_DIRECT_OBJC_ISA_USAGE = YES_ERROR;
				CLANG_WARN_DOCUMENTATION_COMMENTS = YES;
				CLANG_WARN_EMPTY_BODY = YES;
				CLANG_WARN_ENUM_CONVERSION = YES;
				CLANG_WARN_INFINITE_RECURSION = YES;
				CLANG_WARN_INT_CONVERSION = YES;
				CLANG_WARN_NON_LITERAL_NULL_CONVERSION = YES;
				CLANG_WARN_OBJC_IMPLICIT_RETAIN_SELF = YES;
				CLANG_WARN_OBJC_LITERAL_CONVERSION = YES;
				CLANG_WARN_OBJC_ROOT_CLASS = YES_ERROR;
				CLANG_WARN_RANGE_LOOP_ANALYSIS = YES;
				CLANG_WARN_STRICT_PROTOTYPES = YES;
				CLANG_WARN_SUSPICIOUS_MOVE = YES;
				CLANG_WARN_UNGUARDED_AVAILABILITY = YES_AGGRESSIVE;
				CLANG_WARN_UNREACHABLE_CODE = YES;
				CLANG_WARN__DUPLICATE_METHOD_MATCH = YES;
				CODE_SIGN_IDENTITY = "iPhone Developer";
				COPY_PHASE_STRIP = NO;
				DEBUG_INFORMATION_FORMAT = dwarf;
				ENABLE_STRICT_OBJC_MSGSEND = YES;
				ENABLE_TESTABILITY = YES;
				GCC_C_LANGUAGE_STANDARD = gnu11;
				GCC_DYNAMIC_NO_PIC = NO;
				GCC_NO_COMMON_BLOCKS = YES;
				GCC_OPTIMIZATION_LEVEL = 0;
				GCC_PREPROCESSOR_DEFINITIONS = (
					"DEBUG=1",
					"$(inherited)",
				);
				GCC_WARN_64_TO_32_BIT_CONVERSION = YES;
				GCC_WARN_ABOUT_RETURN_TYPE = YES_ERROR;
				GCC_WARN_UNDECLARED_SELECTOR = YES;
				GCC_WARN_UNINITIALIZED_AUTOS = YES_AGGRESSIVE;
				GCC_WARN_UNUSED_FUNCTION = YES;
				GCC_WARN_UNUSED_VARIABLE = YES;
				IPHONEOS_DEPLOYMENT_TARGET = 11.3;
				MTL_ENABLE_DEBUG_INFO = YES;
				ONLY_ACTIVE_ARCH = YES;
				SDKROOT = iphoneos;
				SWIFT_ACTIVE_COMPILATION_CONDITIONS = DEBUG;
				SWIFT_OPTIMIZATION_LEVEL = "-Onone";
			};
			name = Debug;
		};
		24EA52652096FCF600A97FB4 /* Release */ = {
			isa = XCBuildConfiguration;
			buildSettings = {
				ALWAYS_SEARCH_USER_PATHS = NO;
				CLANG_ANALYZER_NONNULL = YES;
				CLANG_ANALYZER_NUMBER_OBJECT_CONVERSION = YES_AGGRESSIVE;
				CLANG_CXX_LANGUAGE_STANDARD = "gnu++14";
				CLANG_CXX_LIBRARY = "libc++";
				CLANG_ENABLE_MODULES = YES;
				CLANG_ENABLE_OBJC_ARC = YES;
				CLANG_ENABLE_OBJC_WEAK = YES;
				CLANG_WARN_BLOCK_CAPTURE_AUTORELEASING = YES;
				CLANG_WARN_BOOL_CONVERSION = YES;
				CLANG_WARN_COMMA = YES;
				CLANG_WARN_CONSTANT_CONVERSION = YES;
				CLANG_WARN_DEPRECATED_OBJC_IMPLEMENTATIONS = YES;
				CLANG_WARN_DIRECT_OBJC_ISA_USAGE = YES_ERROR;
				CLANG_WARN_DOCUMENTATION_COMMENTS = YES;
				CLANG_WARN_EMPTY_BODY = YES;
				CLANG_WARN_ENUM_CONVERSION = YES;
				CLANG_WARN_INFINITE_RECURSION = YES;
				CLANG_WARN_INT_CONVERSION = YES;
				CLANG_WARN_NON_LITERAL_NULL_CONVERSION = YES;
				CLANG_WARN_OBJC_IMPLICIT_RETAIN_SELF = YES;
				CLANG_WARN_OBJC_LITERAL_CONVERSION = YES;
				CLANG_WARN_OBJC_ROOT_CLASS = YES_ERROR;
				CLANG_WARN_RANGE_LOOP_ANALYSIS = YES;
				CLANG_WARN_STRICT_PROTOTYPES = YES;
				CLANG_WARN_SUSPICIOUS_MOVE = YES;
				CLANG_WARN_UNGUARDED_AVAILABILITY = YES_AGGRESSIVE;
				CLANG_WARN_UNREACHABLE_CODE = YES;
				CLANG_WARN__DUPLICATE_METHOD_MATCH = YES;
				CODE_SIGN_IDENTITY = "iPhone Developer";
				COPY_PHASE_STRIP = NO;
				DEBUG_INFORMATION_FORMAT = "dwarf-with-dsym";
				ENABLE_NS_ASSERTIONS = NO;
				ENABLE_STRICT_OBJC_MSGSEND = YES;
				GCC_C_LANGUAGE_STANDARD = gnu11;
				GCC_NO_COMMON_BLOCKS = YES;
				GCC_WARN_64_TO_32_BIT_CONVERSION = YES;
				GCC_WARN_ABOUT_RETURN_TYPE = YES_ERROR;
				GCC_WARN_UNDECLARED_SELECTOR = YES;
				GCC_WARN_UNINITIALIZED_AUTOS = YES_AGGRESSIVE;
				GCC_WARN_UNUSED_FUNCTION = YES;
				GCC_WARN_UNUSED_VARIABLE = YES;
				IPHONEOS_DEPLOYMENT_TARGET = 11.3;
				MTL_ENABLE_DEBUG_INFO = NO;
				SDKROOT = iphoneos;
				SWIFT_COMPILATION_MODE = wholemodule;
				SWIFT_OPTIMIZATION_LEVEL = "-O";
				VALIDATE_PRODUCT = YES;
			};
			name = Release;
		};
		24EA52672096FCF600A97FB4 /* Debug */ = {
			isa = XCBuildConfiguration;
			buildSettings = {
				ASSETCATALOG_COMPILER_APPICON_NAME = AppIcon;
				CODE_SIGN_STYLE = Automatic;
				INFOPLIST_FILE = FollowmeGUI/Info.plist;
				LD_RUNPATH_SEARCH_PATHS = (
					"$(inherited)",
					"@executable_path/Frameworks",
				);
				PRODUCT_BUNDLE_IDENTIFIER = CS.FollowmeGUI;
				PRODUCT_NAME = "$(TARGET_NAME)";
				SWIFT_VERSION = 4.0;
				TARGETED_DEVICE_FAMILY = "1,2";
			};
			name = Debug;
		};
		24EA52682096FCF600A97FB4 /* Release */ = {
			isa = XCBuildConfiguration;
			buildSettings = {
				ASSETCATALOG_COMPILER_APPICON_NAME = AppIcon;
				CODE_SIGN_STYLE = Automatic;
				INFOPLIST_FILE = FollowmeGUI/Info.plist;
				LD_RUNPATH_SEARCH_PATHS = (
					"$(inherited)",
					"@executable_path/Frameworks",
				);
				PRODUCT_BUNDLE_IDENTIFIER = CS.FollowmeGUI;
				PRODUCT_NAME = "$(TARGET_NAME)";
				SWIFT_VERSION = 4.0;
				TARGETED_DEVICE_FAMILY = "1,2";
			};
			name = Release;
		};
		24EA526A2096FCF600A97FB4 /* Debug */ = {
			isa = XCBuildConfiguration;
			buildSettings = {
				ALWAYS_EMBED_SWIFT_STANDARD_LIBRARIES = YES;
				BUNDLE_LOADER = "$(TEST_HOST)";
				CODE_SIGN_STYLE = Automatic;
				INFOPLIST_FILE = FollowmeGUITests/Info.plist;
				LD_RUNPATH_SEARCH_PATHS = (
					"$(inherited)",
					"@executable_path/Frameworks",
					"@loader_path/Frameworks",
				);
				PRODUCT_BUNDLE_IDENTIFIER = CS.FollowmeGUITests;
				PRODUCT_NAME = "$(TARGET_NAME)";
				SWIFT_VERSION = 4.0;
				TARGETED_DEVICE_FAMILY = "1,2";
				TEST_HOST = "$(BUILT_PRODUCTS_DIR)/FollowmeGUI.app/FollowmeGUI";
			};
			name = Debug;
		};
		24EA526B2096FCF600A97FB4 /* Release */ = {
			isa = XCBuildConfiguration;
			buildSettings = {
				ALWAYS_EMBED_SWIFT_STANDARD_LIBRARIES = YES;
				BUNDLE_LOADER = "$(TEST_HOST)";
				CODE_SIGN_STYLE = Automatic;
				INFOPLIST_FILE = FollowmeGUITests/Info.plist;
				LD_RUNPATH_SEARCH_PATHS = (
					"$(inherited)",
					"@executable_path/Frameworks",
					"@loader_path/Frameworks",
				);
				PRODUCT_BUNDLE_IDENTIFIER = CS.FollowmeGUITests;
				PRODUCT_NAME = "$(TARGET_NAME)";
				SWIFT_VERSION = 4.0;
				TARGETED_DEVICE_FAMILY = "1,2";
				TEST_HOST = "$(BUILT_PRODUCTS_DIR)/FollowmeGUI.app/FollowmeGUI";
			};
			name = Release;
		};
		24EA526D2096FCF600A97FB4 /* Debug */ = {
			isa = XCBuildConfiguration;
			buildSettings = {
				ALWAYS_EMBED_SWIFT_STANDARD_LIBRARIES = YES;
				CODE_SIGN_STYLE = Automatic;
				INFOPLIST_FILE = FollowmeGUIUITests/Info.plist;
				LD_RUNPATH_SEARCH_PATHS = (
					"$(inherited)",
					"@executable_path/Frameworks",
					"@loader_path/Frameworks",
				);
				PRODUCT_BUNDLE_IDENTIFIER = CS.FollowmeGUIUITests;
				PRODUCT_NAME = "$(TARGET_NAME)";
				SWIFT_VERSION = 4.0;
				TARGETED_DEVICE_FAMILY = "1,2";
				TEST_TARGET_NAME = FollowmeGUI;
			};
			name = Debug;
		};
		24EA526E2096FCF600A97FB4 /* Release */ = {
			isa = XCBuildConfiguration;
			buildSettings = {
				ALWAYS_EMBED_SWIFT_STANDARD_LIBRARIES = YES;
				CODE_SIGN_STYLE = Automatic;
				INFOPLIST_FILE = FollowmeGUIUITests/Info.plist;
				LD_RUNPATH_SEARCH_PATHS = (
					"$(inherited)",
					"@executable_path/Frameworks",
					"@loader_path/Frameworks",
				);
				PRODUCT_BUNDLE_IDENTIFIER = CS.FollowmeGUIUITests;
				PRODUCT_NAME = "$(TARGET_NAME)";
				SWIFT_VERSION = 4.0;
				TARGETED_DEVICE_FAMILY = "1,2";
				TEST_TARGET_NAME = FollowmeGUI;
			};
			name = Release;
		};
/* End XCBuildConfiguration section */

/* Begin XCConfigurationList section */
		24EA52392096FCF300A97FB4 /* Build configuration list for PBXProject "FollowmeGUI" */ = {
			isa = XCConfigurationList;
			buildConfigurations = (
				24EA52642096FCF600A97FB4 /* Debug */,
				24EA52652096FCF600A97FB4 /* Release */,
			);
			defaultConfigurationIsVisible = 0;
			defaultConfigurationName = Release;
		};
		24EA52662096FCF600A97FB4 /* Build configuration list for PBXNativeTarget "FollowmeGUI" */ = {
			isa = XCConfigurationList;
			buildConfigurations = (
				24EA52672096FCF600A97FB4 /* Debug */,
				24EA52682096FCF600A97FB4 /* Release */,
			);
			defaultConfigurationIsVisible = 0;
			defaultConfigurationName = Release;
		};
		24EA52692096FCF600A97FB4 /* Build configuration list for PBXNativeTarget "FollowmeGUITests" */ = {
			isa = XCConfigurationList;
			buildConfigurations = (
				24EA526A2096FCF600A97FB4 /* Debug */,
				24EA526B2096FCF600A97FB4 /* Release */,
			);
			defaultConfigurationIsVisible = 0;
			defaultConfigurationName = Release;
		};
		24EA526C2096FCF600A97FB4 /* Build configuration list for PBXNativeTarget "FollowmeGUIUITests" */ = {
			isa = XCConfigurationList;
			buildConfigurations = (
				24EA526D2096FCF600A97FB4 /* Debug */,
				24EA526E2096FCF600A97FB4 /* Release */,
			);
			defaultConfigurationIsVisible = 0;
			defaultConfigurationName = Release;
		};
/* End XCConfigurationList section */
	};
	rootObject = 24EA52362096FCF300A97FB4 /* Project object */;
}
