// !$*UTF8*$!
{
	archiveVersion = 1;
	classes = {
	};
	objectVersion = 46;
	objects = {

/* Begin PBXBuildFile section */
		F01A6E5C20983F4F00FFA5B0 /* InsultTwoPanelTwo.jpg in Resources */ = {isa = PBXBuildFile; fileRef = F01A6E5B20983F4F00FFA5B0 /* InsultTwoPanelTwo.jpg */; };
		F01BEE13207EDD8200131EB6 /* main.m in Sources */ = {isa = PBXBuildFile; fileRef = F01BEE12207EDD8200131EB6 /* main.m */; };
		F01BEE16207EDD8200131EB6 /* AppDelegate.m in Sources */ = {isa = PBXBuildFile; fileRef = F01BEE15207EDD8200131EB6 /* AppDelegate.m */; };
		F01BEE19207EDD8200131EB6 /* ViewController.m in Sources */ = {isa = PBXBuildFile; fileRef = F01BEE18207EDD8200131EB6 /* ViewController.m */; };
		F01BEE1C207EDD8200131EB6 /* Main.storyboard in Resources */ = {isa = PBXBuildFile; fileRef = F01BEE1A207EDD8200131EB6 /* Main.storyboard */; };
		F01BEE1E207EDD8200131EB6 /* Assets.xcassets in Resources */ = {isa = PBXBuildFile; fileRef = F01BEE1D207EDD8200131EB6 /* Assets.xcassets */; };
		F01BEE21207EDD8200131EB6 /* LaunchScreen.storyboard in Resources */ = {isa = PBXBuildFile; fileRef = F01BEE1F207EDD8200131EB6 /* LaunchScreen.storyboard */; };
		F01BEE2C207EDD8200131EB6 /* FollowMeMusicTests.m in Sources */ = {isa = PBXBuildFile; fileRef = F01BEE2B207EDD8200131EB6 /* FollowMeMusicTests.m */; };
		F045289020980CDE00C5B86D /* FMImageProcessor.m in Sources */ = {isa = PBXBuildFile; fileRef = F045288F20980CDE00C5B86D /* FMImageProcessor.m */; };
		F0C572442095CA4900EACDBF /* opencv2.framework in Frameworks */ = {isa = PBXBuildFile; fileRef = F0C572432095CA4900EACDBF /* opencv2.framework */; };
		F0C572452095CA4D00EACDBF /* opencv2.framework in Resources */ = {isa = PBXBuildFile; fileRef = F0C572432095CA4900EACDBF /* opencv2.framework */; };
		F0C5724B2095D0C000EACDBF /* Accelerate.framework in Frameworks */ = {isa = PBXBuildFile; fileRef = F0C5724A2095D0C000EACDBF /* Accelerate.framework */; };
		F0C5724D2095D0C600EACDBF /* AssetsLibrary.framework in Frameworks */ = {isa = PBXBuildFile; fileRef = F0C5724C2095D0C600EACDBF /* AssetsLibrary.framework */; };
		F0C5724F2095D0CA00EACDBF /* AVFoundation.framework in Frameworks */ = {isa = PBXBuildFile; fileRef = F0C5724E2095D0CA00EACDBF /* AVFoundation.framework */; };
		F0C572512095D0D000EACDBF /* CoreGraphics.framework in Frameworks */ = {isa = PBXBuildFile; fileRef = F0C572502095D0D000EACDBF /* CoreGraphics.framework */; };
		F0C572532095D0D600EACDBF /* CoreImage.framework in Frameworks */ = {isa = PBXBuildFile; fileRef = F0C572522095D0D600EACDBF /* CoreImage.framework */; };
		F0C572552095D0DC00EACDBF /* CoreMedia.framework in Frameworks */ = {isa = PBXBuildFile; fileRef = F0C572542095D0DC00EACDBF /* CoreMedia.framework */; };
		F0C572572095D0E200EACDBF /* CoreVideo.framework in Frameworks */ = {isa = PBXBuildFile; fileRef = F0C572562095D0E100EACDBF /* CoreVideo.framework */; };
		F0C572592095D0E900EACDBF /* QuartzCore.framework in Frameworks */ = {isa = PBXBuildFile; fileRef = F0C572582095D0E900EACDBF /* QuartzCore.framework */; };
		F0C5725B2095D0EF00EACDBF /* UIKit.framework in Frameworks */ = {isa = PBXBuildFile; fileRef = F0C5725A2095D0EF00EACDBF /* UIKit.framework */; };
		F0C5725D2095D0F500EACDBF /* Foundation.framework in Frameworks */ = {isa = PBXBuildFile; fileRef = F0C5725C2095D0F500EACDBF /* Foundation.framework */; };
		F0DC409A20982F470042FB05 /* FMNetwork.m in Sources */ = {isa = PBXBuildFile; fileRef = F0DC409920982F470042FB05 /* FMNetwork.m */; };
/* End PBXBuildFile section */

/* Begin PBXContainerItemProxy section */
		F01BEE28207EDD8200131EB6 /* PBXContainerItemProxy */ = {
			isa = PBXContainerItemProxy;
			containerPortal = F01BEE06207EDD8200131EB6 /* Project object */;
			proxyType = 1;
			remoteGlobalIDString = F01BEE0D207EDD8200131EB6;
			remoteInfo = FollowMeMusic;
		};
/* End PBXContainerItemProxy section */

/* Begin PBXFileReference section */
		F01A6E5B20983F4F00FFA5B0 /* InsultTwoPanelTwo.jpg */ = {isa = PBXFileReference; lastKnownFileType = image.jpeg; path = InsultTwoPanelTwo.jpg; sourceTree = "<group>"; };
		F01BEE0E207EDD8200131EB6 /* FollowMeMusic.app */ = {isa = PBXFileReference; explicitFileType = wrapper.application; includeInIndex = 0; path = FollowMeMusic.app; sourceTree = BUILT_PRODUCTS_DIR; };
		F01BEE12207EDD8200131EB6 /* main.m */ = {isa = PBXFileReference; lastKnownFileType = sourcecode.c.objc; path = main.m; sourceTree = "<group>"; };
		F01BEE14207EDD8200131EB6 /* AppDelegate.h */ = {isa = PBXFileReference; lastKnownFileType = sourcecode.c.h; path = AppDelegate.h; sourceTree = "<group>"; };
		F01BEE15207EDD8200131EB6 /* AppDelegate.m */ = {isa = PBXFileReference; lastKnownFileType = sourcecode.c.objc; path = AppDelegate.m; sourceTree = "<group>"; };
		F01BEE17207EDD8200131EB6 /* ViewController.h */ = {isa = PBXFileReference; lastKnownFileType = sourcecode.c.h; path = ViewController.h; sourceTree = "<group>"; };
		F01BEE18207EDD8200131EB6 /* ViewController.m */ = {isa = PBXFileReference; explicitFileType = sourcecode.cpp.objcpp; path = ViewController.m; sourceTree = "<group>"; };
		F01BEE1B207EDD8200131EB6 /* Base */ = {isa = PBXFileReference; lastKnownFileType = file.storyboard; name = Base; path = Base.lproj/Main.storyboard; sourceTree = "<group>"; };
		F01BEE1D207EDD8200131EB6 /* Assets.xcassets */ = {isa = PBXFileReference; lastKnownFileType = folder.assetcatalog; path = Assets.xcassets; sourceTree = "<group>"; };
		F01BEE20207EDD8200131EB6 /* Base */ = {isa = PBXFileReference; lastKnownFileType = file.storyboard; name = Base; path = Base.lproj/LaunchScreen.storyboard; sourceTree = "<group>"; };
		F01BEE22207EDD8200131EB6 /* Info.plist */ = {isa = PBXFileReference; lastKnownFileType = text.plist.xml; path = Info.plist; sourceTree = "<group>"; };
		F01BEE27207EDD8200131EB6 /* FollowMeMusicTests.xctest */ = {isa = PBXFileReference; explicitFileType = wrapper.cfbundle; includeInIndex = 0; path = FollowMeMusicTests.xctest; sourceTree = BUILT_PRODUCTS_DIR; };
		F01BEE2B207EDD8200131EB6 /* FollowMeMusicTests.m */ = {isa = PBXFileReference; lastKnownFileType = sourcecode.c.objc; path = FollowMeMusicTests.m; sourceTree = "<group>"; };
		F01BEE2D207EDD8200131EB6 /* Info.plist */ = {isa = PBXFileReference; lastKnownFileType = text.plist.xml; path = Info.plist; sourceTree = "<group>"; };
		F045288E20980CDE00C5B86D /* FMImageProcessor.h */ = {isa = PBXFileReference; lastKnownFileType = sourcecode.c.h; path = FMImageProcessor.h; sourceTree = "<group>"; };
		F045288F20980CDE00C5B86D /* FMImageProcessor.m */ = {isa = PBXFileReference; explicitFileType = sourcecode.cpp.objcpp; path = FMImageProcessor.m; sourceTree = "<group>"; };
		F0C572432095CA4900EACDBF /* opencv2.framework */ = {isa = PBXFileReference; lastKnownFileType = wrapper.framework; path = opencv2.framework; sourceTree = "<group>"; };
		F0C5724A2095D0C000EACDBF /* Accelerate.framework */ = {isa = PBXFileReference; lastKnownFileType = wrapper.framework; name = Accelerate.framework; path = System/Library/Frameworks/Accelerate.framework; sourceTree = SDKROOT; };
		F0C5724C2095D0C600EACDBF /* AssetsLibrary.framework */ = {isa = PBXFileReference; lastKnownFileType = wrapper.framework; name = AssetsLibrary.framework; path = System/Library/Frameworks/AssetsLibrary.framework; sourceTree = SDKROOT; };
		F0C5724E2095D0CA00EACDBF /* AVFoundation.framework */ = {isa = PBXFileReference; lastKnownFileType = wrapper.framework; name = AVFoundation.framework; path = System/Library/Frameworks/AVFoundation.framework; sourceTree = SDKROOT; };
		F0C572502095D0D000EACDBF /* CoreGraphics.framework */ = {isa = PBXFileReference; lastKnownFileType = wrapper.framework; name = CoreGraphics.framework; path = System/Library/Frameworks/CoreGraphics.framework; sourceTree = SDKROOT; };
		F0C572522095D0D600EACDBF /* CoreImage.framework */ = {isa = PBXFileReference; lastKnownFileType = wrapper.framework; name = CoreImage.framework; path = System/Library/Frameworks/CoreImage.framework; sourceTree = SDKROOT; };
		F0C572542095D0DC00EACDBF /* CoreMedia.framework */ = {isa = PBXFileReference; lastKnownFileType = wrapper.framework; name = CoreMedia.framework; path = System/Library/Frameworks/CoreMedia.framework; sourceTree = SDKROOT; };
		F0C572562095D0E100EACDBF /* CoreVideo.framework */ = {isa = PBXFileReference; lastKnownFileType = wrapper.framework; name = CoreVideo.framework; path = System/Library/Frameworks/CoreVideo.framework; sourceTree = SDKROOT; };
		F0C572582095D0E900EACDBF /* QuartzCore.framework */ = {isa = PBXFileReference; lastKnownFileType = wrapper.framework; name = QuartzCore.framework; path = System/Library/Frameworks/QuartzCore.framework; sourceTree = SDKROOT; };
		F0C5725A2095D0EF00EACDBF /* UIKit.framework */ = {isa = PBXFileReference; lastKnownFileType = wrapper.framework; name = UIKit.framework; path = System/Library/Frameworks/UIKit.framework; sourceTree = SDKROOT; };
		F0C5725C2095D0F500EACDBF /* Foundation.framework */ = {isa = PBXFileReference; lastKnownFileType = wrapper.framework; name = Foundation.framework; path = System/Library/Frameworks/Foundation.framework; sourceTree = SDKROOT; };
		F0DC409820982F470042FB05 /* FMNetwork.h */ = {isa = PBXFileReference; lastKnownFileType = sourcecode.c.h; path = FMNetwork.h; sourceTree = "<group>"; };
		F0DC409920982F470042FB05 /* FMNetwork.m */ = {isa = PBXFileReference; lastKnownFileType = sourcecode.c.objc; path = FMNetwork.m; sourceTree = "<group>"; };
/* End PBXFileReference section */

/* Begin PBXFrameworksBuildPhase section */
		F01BEE0B207EDD8200131EB6 /* Frameworks */ = {
			isa = PBXFrameworksBuildPhase;
			buildActionMask = 2147483647;
			files = (
				F0C5725D2095D0F500EACDBF /* Foundation.framework in Frameworks */,
				F0C5725B2095D0EF00EACDBF /* UIKit.framework in Frameworks */,
				F0C572592095D0E900EACDBF /* QuartzCore.framework in Frameworks */,
				F0C572572095D0E200EACDBF /* CoreVideo.framework in Frameworks */,
				F0C572552095D0DC00EACDBF /* CoreMedia.framework in Frameworks */,
				F0C572532095D0D600EACDBF /* CoreImage.framework in Frameworks */,
				F0C572512095D0D000EACDBF /* CoreGraphics.framework in Frameworks */,
				F0C5724F2095D0CA00EACDBF /* AVFoundation.framework in Frameworks */,
				F0C5724D2095D0C600EACDBF /* AssetsLibrary.framework in Frameworks */,
				F0C5724B2095D0C000EACDBF /* Accelerate.framework in Frameworks */,
				F0C572442095CA4900EACDBF /* opencv2.framework in Frameworks */,
			);
			runOnlyForDeploymentPostprocessing = 0;
		};
		F01BEE24207EDD8200131EB6 /* Frameworks */ = {
			isa = PBXFrameworksBuildPhase;
			buildActionMask = 2147483647;
			files = (
			);
			runOnlyForDeploymentPostprocessing = 0;
		};
/* End PBXFrameworksBuildPhase section */

/* Begin PBXGroup section */
		F01BEE05207EDD8200131EB6 = {
			isa = PBXGroup;
			children = (
				F01BEE10207EDD8200131EB6 /* FollowMeMusic */,
				F01BEE2A207EDD8200131EB6 /* FollowMeMusicTests */,
				F01BEE0F207EDD8200131EB6 /* Products */,
				F0C572492095D0C000EACDBF /* Frameworks */,
			);
			sourceTree = "<group>";
		};
		F01BEE0F207EDD8200131EB6 /* Products */ = {
			isa = PBXGroup;
			children = (
				F01BEE0E207EDD8200131EB6 /* FollowMeMusic.app */,
				F01BEE27207EDD8200131EB6 /* FollowMeMusicTests.xctest */,
			);
			name = Products;
			sourceTree = "<group>";
		};
		F01BEE10207EDD8200131EB6 /* FollowMeMusic */ = {
			isa = PBXGroup;
			children = (
				F0C572432095CA4900EACDBF /* opencv2.framework */,
				F01BEE14207EDD8200131EB6 /* AppDelegate.h */,
				F01BEE15207EDD8200131EB6 /* AppDelegate.m */,
				F045288E20980CDE00C5B86D /* FMImageProcessor.h */,
				F045288F20980CDE00C5B86D /* FMImageProcessor.m */,
				F01BEE17207EDD8200131EB6 /* ViewController.h */,
				F01BEE18207EDD8200131EB6 /* ViewController.m */,
				F0DC409820982F470042FB05 /* FMNetwork.h */,
				F0DC409920982F470042FB05 /* FMNetwork.m */,
				F01A6E5B20983F4F00FFA5B0 /* InsultTwoPanelTwo.jpg */,
				F01BEE1A207EDD8200131EB6 /* Main.storyboard */,
				F01BEE1D207EDD8200131EB6 /* Assets.xcassets */,
				F01BEE1F207EDD8200131EB6 /* LaunchScreen.storyboard */,
				F01BEE22207EDD8200131EB6 /* Info.plist */,
				F01BEE11207EDD8200131EB6 /* Supporting Files */,
			);
			path = FollowMeMusic;
			sourceTree = "<group>";
		};
		F01BEE11207EDD8200131EB6 /* Supporting Files */ = {
			isa = PBXGroup;
			children = (
				F01BEE12207EDD8200131EB6 /* main.m */,
			);
			name = "Supporting Files";
			sourceTree = "<group>";
		};
		F01BEE2A207EDD8200131EB6 /* FollowMeMusicTests */ = {
			isa = PBXGroup;
			children = (
				F01BEE2B207EDD8200131EB6 /* FollowMeMusicTests.m */,
				F01BEE2D207EDD8200131EB6 /* Info.plist */,
			);
			path = FollowMeMusicTests;
			sourceTree = "<group>";
		};
		F0C572492095D0C000EACDBF /* Frameworks */ = {
			isa = PBXGroup;
			children = (
				F0C5725C2095D0F500EACDBF /* Foundation.framework */,
				F0C5725A2095D0EF00EACDBF /* UIKit.framework */,
				F0C572582095D0E900EACDBF /* QuartzCore.framework */,
				F0C572562095D0E100EACDBF /* CoreVideo.framework */,
				F0C572542095D0DC00EACDBF /* CoreMedia.framework */,
				F0C572522095D0D600EACDBF /* CoreImage.framework */,
				F0C572502095D0D000EACDBF /* CoreGraphics.framework */,
				F0C5724E2095D0CA00EACDBF /* AVFoundation.framework */,
				F0C5724C2095D0C600EACDBF /* AssetsLibrary.framework */,
				F0C5724A2095D0C000EACDBF /* Accelerate.framework */,
			);
			name = Frameworks;
			sourceTree = "<group>";
		};
/* End PBXGroup section */

/* Begin PBXNativeTarget section */
		F01BEE0D207EDD8200131EB6 /* FollowMeMusic */ = {
			isa = PBXNativeTarget;
			buildConfigurationList = F01BEE30207EDD8300131EB6 /* Build configuration list for PBXNativeTarget "FollowMeMusic" */;
			buildPhases = (
				F01BEE0A207EDD8200131EB6 /* Sources */,
				F01BEE0B207EDD8200131EB6 /* Frameworks */,
				F01BEE0C207EDD8200131EB6 /* Resources */,
			);
			buildRules = (
			);
			dependencies = (
			);
			name = FollowMeMusic;
			productName = FollowMeMusic;
			productReference = F01BEE0E207EDD8200131EB6 /* FollowMeMusic.app */;
			productType = "com.apple.product-type.application";
		};
		F01BEE26207EDD8200131EB6 /* FollowMeMusicTests */ = {
			isa = PBXNativeTarget;
			buildConfigurationList = F01BEE33207EDD8300131EB6 /* Build configuration list for PBXNativeTarget "FollowMeMusicTests" */;
			buildPhases = (
				F01BEE23207EDD8200131EB6 /* Sources */,
				F01BEE24207EDD8200131EB6 /* Frameworks */,
				F01BEE25207EDD8200131EB6 /* Resources */,
			);
			buildRules = (
			);
			dependencies = (
				F01BEE29207EDD8200131EB6 /* PBXTargetDependency */,
			);
			name = FollowMeMusicTests;
			productName = FollowMeMusicTests;
			productReference = F01BEE27207EDD8200131EB6 /* FollowMeMusicTests.xctest */;
			productType = "com.apple.product-type.bundle.unit-test";
		};
/* End PBXNativeTarget section */

/* Begin PBXProject section */
		F01BEE06207EDD8200131EB6 /* Project object */ = {
			isa = PBXProject;
			attributes = {
				LastUpgradeCheck = 0920;
				ORGANIZATIONNAME = clasley;
				TargetAttributes = {
					F01BEE0D207EDD8200131EB6 = {
						CreatedOnToolsVersion = 8.2.1;
						DevelopmentTeam = BVN96897D5;
						ProvisioningStyle = Automatic;
					};
					F01BEE26207EDD8200131EB6 = {
						CreatedOnToolsVersion = 8.2.1;
						DevelopmentTeam = BVN96897D5;
						ProvisioningStyle = Automatic;
						TestTargetID = F01BEE0D207EDD8200131EB6;
					};
				};
			};
			buildConfigurationList = F01BEE09207EDD8200131EB6 /* Build configuration list for PBXProject "FollowMeMusic" */;
			compatibilityVersion = "Xcode 3.2";
			developmentRegion = English;
			hasScannedForEncodings = 0;
			knownRegions = (
				en,
				Base,
			);
			mainGroup = F01BEE05207EDD8200131EB6;
			productRefGroup = F01BEE0F207EDD8200131EB6 /* Products */;
			projectDirPath = "";
			projectRoot = "";
			targets = (
				F01BEE0D207EDD8200131EB6 /* FollowMeMusic */,
				F01BEE26207EDD8200131EB6 /* FollowMeMusicTests */,
			);
		};
/* End PBXProject section */

/* Begin PBXResourcesBuildPhase section */
		F01BEE0C207EDD8200131EB6 /* Resources */ = {
			isa = PBXResourcesBuildPhase;
			buildActionMask = 2147483647;
			files = (
				F01A6E5C20983F4F00FFA5B0 /* InsultTwoPanelTwo.jpg in Resources */,
				F0C572452095CA4D00EACDBF /* opencv2.framework in Resources */,
				F01BEE21207EDD8200131EB6 /* LaunchScreen.storyboard in Resources */,
				F01BEE1E207EDD8200131EB6 /* Assets.xcassets in Resources */,
				F01BEE1C207EDD8200131EB6 /* Main.storyboard in Resources */,
			);
			runOnlyForDeploymentPostprocessing = 0;
		};
		F01BEE25207EDD8200131EB6 /* Resources */ = {
			isa = PBXResourcesBuildPhase;
			buildActionMask = 2147483647;
			files = (
			);
			runOnlyForDeploymentPostprocessing = 0;
		};
/* End PBXResourcesBuildPhase section */

/* Begin PBXSourcesBuildPhase section */
		F01BEE0A207EDD8200131EB6 /* Sources */ = {
			isa = PBXSourcesBuildPhase;
			buildActionMask = 2147483647;
			files = (
				F01BEE19207EDD8200131EB6 /* ViewController.m in Sources */,
				F01BEE16207EDD8200131EB6 /* AppDelegate.m in Sources */,
				F045289020980CDE00C5B86D /* FMImageProcessor.m in Sources */,
				F01BEE13207EDD8200131EB6 /* main.m in Sources */,
				F0DC409A20982F470042FB05 /* FMNetwork.m in Sources */,
			);
			runOnlyForDeploymentPostprocessing = 0;
		};
		F01BEE23207EDD8200131EB6 /* Sources */ = {
			isa = PBXSourcesBuildPhase;
			buildActionMask = 2147483647;
			files = (
				F01BEE2C207EDD8200131EB6 /* FollowMeMusicTests.m in Sources */,
			);
			runOnlyForDeploymentPostprocessing = 0;
		};
/* End PBXSourcesBuildPhase section */

/* Begin PBXTargetDependency section */
		F01BEE29207EDD8200131EB6 /* PBXTargetDependency */ = {
			isa = PBXTargetDependency;
			target = F01BEE0D207EDD8200131EB6 /* FollowMeMusic */;
			targetProxy = F01BEE28207EDD8200131EB6 /* PBXContainerItemProxy */;
		};
/* End PBXTargetDependency section */

/* Begin PBXVariantGroup section */
		F01BEE1A207EDD8200131EB6 /* Main.storyboard */ = {
			isa = PBXVariantGroup;
			children = (
				F01BEE1B207EDD8200131EB6 /* Base */,
			);
			name = Main.storyboard;
			sourceTree = "<group>";
		};
		F01BEE1F207EDD8200131EB6 /* LaunchScreen.storyboard */ = {
			isa = PBXVariantGroup;
			children = (
				F01BEE20207EDD8200131EB6 /* Base */,
			);
			name = LaunchScreen.storyboard;
			sourceTree = "<group>";
		};
/* End PBXVariantGroup section */

/* Begin XCBuildConfiguration section */
		F01BEE2E207EDD8300131EB6 /* Debug */ = {
			isa = XCBuildConfiguration;
			buildSettings = {
				ALWAYS_SEARCH_USER_PATHS = NO;
				CLANG_ANALYZER_NONNULL = YES;
				CLANG_CXX_LANGUAGE_STANDARD = "gnu++0x";
				CLANG_CXX_LIBRARY = "libc++";
				CLANG_ENABLE_MODULES = YES;
				CLANG_ENABLE_OBJC_ARC = YES;
				CLANG_WARN_BLOCK_CAPTURE_AUTORELEASING = YES;
				CLANG_WARN_BOOL_CONVERSION = YES;
				CLANG_WARN_COMMA = YES;
				CLANG_WARN_CONSTANT_CONVERSION = YES;
				CLANG_WARN_DIRECT_OBJC_ISA_USAGE = YES_ERROR;
				CLANG_WARN_DOCUMENTATION_COMMENTS = YES;
				CLANG_WARN_EMPTY_BODY = YES;
				CLANG_WARN_ENUM_CONVERSION = YES;
				CLANG_WARN_INFINITE_RECURSION = YES;
				CLANG_WARN_INT_CONVERSION = YES;
				CLANG_WARN_NON_LITERAL_NULL_CONVERSION = YES;
				CLANG_WARN_OBJC_LITERAL_CONVERSION = YES;
				CLANG_WARN_OBJC_ROOT_CLASS = YES_ERROR;
				CLANG_WARN_RANGE_LOOP_ANALYSIS = YES;
				CLANG_WARN_STRICT_PROTOTYPES = YES;
				CLANG_WARN_SUSPICIOUS_MOVE = YES;
				CLANG_WARN_UNREACHABLE_CODE = YES;
				CLANG_WARN__DUPLICATE_METHOD_MATCH = YES;
				"CODE_SIGN_IDENTITY[sdk=iphoneos*]" = "iPhone Developer";
				COPY_PHASE_STRIP = NO;
				DEBUG_INFORMATION_FORMAT = dwarf;
				ENABLE_STRICT_OBJC_MSGSEND = YES;
				ENABLE_TESTABILITY = YES;
				GCC_C_LANGUAGE_STANDARD = gnu99;
				GCC_DYNAMIC_NO_PIC = NO;
				GCC_NO_COMMON_BLOCKS = YES;
				GCC_OPTIMIZATION_LEVEL = 0;
				GCC_PREPROCESSOR_DEFINITIONS = (
					"DEBUG=1",
					"$(inherited)",
				);
				GCC_WARN_64_TO_32_BIT_CONVERSION = YES;
				GCC_WARN_ABOUT_DEPRECATED_FUNCTIONS = NO;
				GCC_WARN_ABOUT_RETURN_TYPE = YES_ERROR;
				GCC_WARN_UNDECLARED_SELECTOR = YES;
				GCC_WARN_UNINITIALIZED_AUTOS = YES_AGGRESSIVE;
				GCC_WARN_UNUSED_FUNCTION = YES;
				GCC_WARN_UNUSED_VARIABLE = YES;
				IPHONEOS_DEPLOYMENT_TARGET = 10.2;
				MTL_ENABLE_DEBUG_INFO = YES;
				ONLY_ACTIVE_ARCH = YES;
				SDKROOT = iphoneos;
			};
			name = Debug;
		};
		F01BEE2F207EDD8300131EB6 /* Release */ = {
			isa = XCBuildConfiguration;
			buildSettings = {
				ALWAYS_SEARCH_USER_PATHS = NO;
				CLANG_ANALYZER_NONNULL = YES;
				CLANG_CXX_LANGUAGE_STANDARD = "gnu++0x";
				CLANG_CXX_LIBRARY = "libc++";
				CLANG_ENABLE_MODULES = YES;
				CLANG_ENABLE_OBJC_ARC = YES;
				CLANG_WARN_BLOCK_CAPTURE_AUTORELEASING = YES;
				CLANG_WARN_BOOL_CONVERSION = YES;
				CLANG_WARN_COMMA = YES;
				CLANG_WARN_CONSTANT_CONVERSION = YES;
				CLANG_WARN_DIRECT_OBJC_ISA_USAGE = YES_ERROR;
				CLANG_WARN_DOCUMENTATION_COMMENTS = YES;
				CLANG_WARN_EMPTY_BODY = YES;
				CLANG_WARN_ENUM_CONVERSION = YES;
				CLANG_WARN_INFINITE_RECURSION = YES;
				CLANG_WARN_INT_CONVERSION = YES;
				CLANG_WARN_NON_LITERAL_NULL_CONVERSION = YES;
				CLANG_WARN_OBJC_LITERAL_CONVERSION = YES;
				CLANG_WARN_OBJC_ROOT_CLASS = YES_ERROR;
				CLANG_WARN_RANGE_LOOP_ANALYSIS = YES;
				CLANG_WARN_STRICT_PROTOTYPES = YES;
				CLANG_WARN_SUSPICIOUS_MOVE = YES;
				CLANG_WARN_UNREACHABLE_CODE = YES;
				CLANG_WARN__DUPLICATE_METHOD_MATCH = YES;
				"CODE_SIGN_IDENTITY[sdk=iphoneos*]" = "iPhone Developer";
				COPY_PHASE_STRIP = NO;
				DEBUG_INFORMATION_FORMAT = "dwarf-with-dsym";
				ENABLE_NS_ASSERTIONS = NO;
				ENABLE_STRICT_OBJC_MSGSEND = YES;
				GCC_C_LANGUAGE_STANDARD = gnu99;
				GCC_NO_COMMON_BLOCKS = YES;
				GCC_WARN_64_TO_32_BIT_CONVERSION = YES;
				GCC_WARN_ABOUT_DEPRECATED_FUNCTIONS = NO;
				GCC_WARN_ABOUT_RETURN_TYPE = YES_ERROR;
				GCC_WARN_UNDECLARED_SELECTOR = YES;
				GCC_WARN_UNINITIALIZED_AUTOS = YES_AGGRESSIVE;
				GCC_WARN_UNUSED_FUNCTION = YES;
				GCC_WARN_UNUSED_VARIABLE = YES;
				IPHONEOS_DEPLOYMENT_TARGET = 10.2;
				MTL_ENABLE_DEBUG_INFO = NO;
				SDKROOT = iphoneos;
				VALIDATE_PRODUCT = YES;
			};
			name = Release;
		};
		F01BEE31207EDD8300131EB6 /* Debug */ = {
			isa = XCBuildConfiguration;
			buildSettings = {
				ASSETCATALOG_COMPILER_APPICON_NAME = AppIcon;
				CLANG_WARN_DOCUMENTATION_COMMENTS = NO;
				DEVELOPMENT_TEAM = BVN96897D5;
				FRAMEWORK_SEARCH_PATHS = (
					"$(inherited)",
					"$(PROJECT_DIR)/FollowMeMusic",
				);
				INFOPLIST_FILE = FollowMeMusic/Info.plist;
				LD_RUNPATH_SEARCH_PATHS = "$(inherited) @executable_path/Frameworks";
				PRODUCT_BUNDLE_IDENTIFIER = clasley.FollowMeMusic;
				PRODUCT_NAME = "$(TARGET_NAME)";
			};
			name = Debug;
		};
		F01BEE32207EDD8300131EB6 /* Release */ = {
			isa = XCBuildConfiguration;
			buildSettings = {
				ASSETCATALOG_COMPILER_APPICON_NAME = AppIcon;
				CLANG_WARN_DOCUMENTATION_COMMENTS = NO;
				DEVELOPMENT_TEAM = BVN96897D5;
				FRAMEWORK_SEARCH_PATHS = (
					"$(inherited)",
					"$(PROJECT_DIR)/FollowMeMusic",
				);
				INFOPLIST_FILE = FollowMeMusic/Info.plist;
				LD_RUNPATH_SEARCH_PATHS = "$(inherited) @executable_path/Frameworks";
				PRODUCT_BUNDLE_IDENTIFIER = clasley.FollowMeMusic;
				PRODUCT_NAME = "$(TARGET_NAME)";
			};
			name = Release;
		};
		F01BEE34207EDD8300131EB6 /* Debug */ = {
			isa = XCBuildConfiguration;
			buildSettings = {
				BUNDLE_LOADER = "$(TEST_HOST)";
				DEVELOPMENT_TEAM = BVN96897D5;
				INFOPLIST_FILE = FollowMeMusicTests/Info.plist;
				LD_RUNPATH_SEARCH_PATHS = "$(inherited) @executable_path/Frameworks @loader_path/Frameworks";
				PRODUCT_BUNDLE_IDENTIFIER = clasley.FollowMeMusicTests;
				PRODUCT_NAME = "$(TARGET_NAME)";
				TEST_HOST = "$(BUILT_PRODUCTS_DIR)/FollowMeMusic.app/FollowMeMusic";
			};
			name = Debug;
		};
		F01BEE35207EDD8300131EB6 /* Release */ = {
			isa = XCBuildConfiguration;
			buildSettings = {
				BUNDLE_LOADER = "$(TEST_HOST)";
				DEVELOPMENT_TEAM = BVN96897D5;
				INFOPLIST_FILE = FollowMeMusicTests/Info.plist;
				LD_RUNPATH_SEARCH_PATHS = "$(inherited) @executable_path/Frameworks @loader_path/Frameworks";
				PRODUCT_BUNDLE_IDENTIFIER = clasley.FollowMeMusicTests;
				PRODUCT_NAME = "$(TARGET_NAME)";
				TEST_HOST = "$(BUILT_PRODUCTS_DIR)/FollowMeMusic.app/FollowMeMusic";
			};
			name = Release;
		};
/* End XCBuildConfiguration section */

/* Begin XCConfigurationList section */
		F01BEE09207EDD8200131EB6 /* Build configuration list for PBXProject "FollowMeMusic" */ = {
			isa = XCConfigurationList;
			buildConfigurations = (
				F01BEE2E207EDD8300131EB6 /* Debug */,
				F01BEE2F207EDD8300131EB6 /* Release */,
			);
			defaultConfigurationIsVisible = 0;
			defaultConfigurationName = Release;
		};
		F01BEE30207EDD8300131EB6 /* Build configuration list for PBXNativeTarget "FollowMeMusic" */ = {
			isa = XCConfigurationList;
			buildConfigurations = (
				F01BEE31207EDD8300131EB6 /* Debug */,
				F01BEE32207EDD8300131EB6 /* Release */,
			);
			defaultConfigurationIsVisible = 0;
			defaultConfigurationName = Release;
		};
		F01BEE33207EDD8300131EB6 /* Build configuration list for PBXNativeTarget "FollowMeMusicTests" */ = {
			isa = XCConfigurationList;
			buildConfigurations = (
				F01BEE34207EDD8300131EB6 /* Debug */,
				F01BEE35207EDD8300131EB6 /* Release */,
			);
			defaultConfigurationIsVisible = 0;
			defaultConfigurationName = Release;
		};
/* End XCConfigurationList section */
	};
	rootObject = F01BEE06207EDD8200131EB6 /* Project object */;
}
